PODS:
  - Fabric (1.6.11)
  - WebApi (0.0.85)

DEPENDENCIES:
  - Fabric
  - WebApi (from `/Users/mobile/Documents/gbm/ios/WebApi-iOS`)

EXTERNAL SOURCES:
  WebApi:
    :path: "/Users/mobile/Documents/gbm/ios/WebApi-iOS"

SPEC CHECKSUMS:
  Fabric: 5911403591946b8228ab1c51d98f1d7137e863c6
  WebApi: add0e26db2607095a74a985d9301096ef90b6deb

PODFILE CHECKSUM: 3fd6377dec032878d42cfdb4f18d2c8cd309ab29

COCOAPODS: 1.1.1
